
Microsoft Visual Studio Solution File, Format Version 12.00
# Visual Studio Version 17
VisualStudioVersion = 17.1.32407.343
MinimumVisualStudioVersion = 10.0.40219.1
Project("{9A19103F-16F7-4668-BE54-9A1E7A4F7556}") = "Glade2d", "Glade2d\Glade2d.csproj", "{7096780A-5682-4F1F-A454-8BE9C4B4F09D}"
EndProject
Project("{2150E333-8FDC-42A3-9474-1A3956D46DE8}") = "samples", "samples", "{1D1CC01E-84CC-43AA-ABDA-C8816E672384}"
EndProject
Project("{9A19103F-16F7-4668-BE54-9A1E7A4F7556}") = "Glade2dExample", "samples\Glade2dExample\Glade2dExample.csproj", "{20FAD1BF-7F27-4E67-A988-DCD9C4E53638}"
EndProject
Project("{9A19103F-16F7-4668-BE54-9A1E7A4F7556}") = "GtkExample", "samples\GtkExample\GtkExample.csproj", "{EC8D68FC-6AAF-490F-9376-5317B4D5F280}"
EndProject
Global
	GlobalSection(SolutionConfigurationPlatforms) = preSolution
		Debug|Any CPU = Debug|Any CPU
		Release|Any CPU = Release|Any CPU
	EndGlobalSection
	GlobalSection(ProjectConfigurationPlatforms) = postSolution
		{7096780A-5682-4F1F-A454-8BE9C4B4F09D}.Debug|Any CPU.ActiveCfg = Debug|Any CPU
		{7096780A-5682-4F1F-A454-8BE9C4B4F09D}.Debug|Any CPU.Build.0 = Debug|Any CPU
		{7096780A-5682-4F1F-A454-8BE9C4B4F09D}.Debug|Any CPU.Deploy.0 = Debug|Any CPU
		{7096780A-5682-4F1F-A454-8BE9C4B4F09D}.Release|Any CPU.ActiveCfg = Release|Any CPU
		{7096780A-5682-4F1F-A454-8BE9C4B4F09D}.Release|Any CPU.Build.0 = Release|Any CPU
		{7096780A-5682-4F1F-A454-8BE9C4B4F09D}.Release|Any CPU.Deploy.0 = Release|Any CPU
		{20FAD1BF-7F27-4E67-A988-DCD9C4E53638}.Debug|Any CPU.ActiveCfg = Debug|Any CPU
		{20FAD1BF-7F27-4E67-A988-DCD9C4E53638}.Debug|Any CPU.Build.0 = Debug|Any CPU
		{20FAD1BF-7F27-4E67-A988-DCD9C4E53638}.Release|Any CPU.ActiveCfg = Release|Any CPU
		{20FAD1BF-7F27-4E67-A988-DCD9C4E53638}.Release|Any CPU.Build.0 = Release|Any CPU
		{EC8D68FC-6AAF-490F-9376-5317B4D5F280}.Debug|Any CPU.ActiveCfg = Debug|Any CPU
		{EC8D68FC-6AAF-490F-9376-5317B4D5F280}.Debug|Any CPU.Build.0 = Debug|Any CPU
		{EC8D68FC-6AAF-490F-9376-5317B4D5F280}.Release|Any CPU.ActiveCfg = Release|Any CPU
		{EC8D68FC-6AAF-490F-9376-5317B4D5F280}.Release|Any CPU.Build.0 = Release|Any CPU
	EndGlobalSection
	GlobalSection(SolutionProperties) = preSolution
		HideSolutionNode = FALSE
	EndGlobalSection
	GlobalSection(NestedProjects) = preSolution
		{20FAD1BF-7F27-4E67-A988-DCD9C4E53638} = {1D1CC01E-84CC-43AA-ABDA-C8816E672384}
		{EC8D68FC-6AAF-490F-9376-5317B4D5F280} = {1D1CC01E-84CC-43AA-ABDA-C8816E672384}
	EndGlobalSection
	GlobalSection(ExtensibilityGlobals) = postSolution
		SolutionGuid = {17F905C5-A6A0-4EF4-AAD9-CA0D859DDD87}
	EndGlobalSection
EndGlobal
