
Microsoft Visual Studio Solution File, Format Version 12.00
# Visual Studio Version 17
VisualStudioVersion = 17.1.32407.343
MinimumVisualStudioVersion = 10.0.40219.1
Project("{FAE04EC0-301F-11D3-BF4B-00C04F79EFBC}") = "Glade2d", "Glade2d\Glade2d.csproj", "{7096780A-5682-4F1F-A454-8BE9C4B4F09D}"
EndProject
Global
	GlobalSection(SolutionConfigurationPlatforms) = preSolution
		Debug|Any CPU = Debug|Any CPU
		Release|Any CPU = Release|Any CPU
	EndGlobalSection
	GlobalSection(ProjectConfigurationPlatforms) = postSolution
		{7096780A-5682-4F1F-A454-8BE9C4B4F09D}.Debug|Any CPU.ActiveCfg = Debug|Any CPU
		{7096780A-5682-4F1F-A454-8BE9C4B4F09D}.Debug|Any CPU.Build.0 = Debug|Any CPU
		{7096780A-5682-4F1F-A454-8BE9C4B4F09D}.Debug|Any CPU.Deploy.0 = Debug|Any CPU
		{7096780A-5682-4F1F-A454-8BE9C4B4F09D}.Release|Any CPU.ActiveCfg = Release|Any CPU
		{7096780A-5682-4F1F-A454-8BE9C4B4F09D}.Release|Any CPU.Build.0 = Release|Any CPU
		{7096780A-5682-4F1F-A454-8BE9C4B4F09D}.Release|Any CPU.Deploy.0 = Release|Any CPU
	EndGlobalSection
	GlobalSection(SolutionProperties) = preSolution
		HideSolutionNode = FALSE
	EndGlobalSection
	GlobalSection(ExtensibilityGlobals) = postSolution
		SolutionGuid = {17F905C5-A6A0-4EF4-AAD9-CA0D859DDD87}
	EndGlobalSection
EndGlobal
